// !$*UTF8*$!
{
	archiveVersion = 1;
	classes = {
	};
	objectVersion = 50;
	objects = {

/* Begin PBXBuildFile section */
		84381E56218973A600D5BEA8 /* README.md in Resources */ = {isa = PBXBuildFile; fileRef = 84381E55218973A600D5BEA8 /* README.md */; };
		843915A2218AD3AC00496E9C /* addConstraintsWithFormat.swift in Sources */ = {isa = PBXBuildFile; fileRef = 843915A1218AD3AC00496E9C /* addConstraintsWithFormat.swift */; };
		843915AD218AF5FB00496E9C /* ConfirmViewController.swift in Sources */ = {isa = PBXBuildFile; fileRef = 843915AC218AF5FB00496E9C /* ConfirmViewController.swift */; };
		84570AB321886B8B00438A7E /* Animations.swift in Sources */ = {isa = PBXBuildFile; fileRef = 84570AB221886B8B00438A7E /* Animations.swift */; };
		8474856D2192A91400BE4CED /* LICENSE in Resources */ = {isa = PBXBuildFile; fileRef = 8474856C2192A91400BE4CED /* LICENSE */; };
		84F7AE042189D80D00DF6EBA /* Documents in Resources */ = {isa = PBXBuildFile; fileRef = 84F7AE032189D80D00DF6EBA /* Documents */; };
		84F7B566218B1BFE00DEB3E0 /* RestoreViewController.swift in Sources */ = {isa = PBXBuildFile; fileRef = 84F7B565218B1BFE00DEB3E0 /* RestoreViewController.swift */; };
		84F954CF218864E100E747AB /* AppDelegate.swift in Sources */ = {isa = PBXBuildFile; fileRef = 84F954CE218864E100E747AB /* AppDelegate.swift */; };
		84F954D1218864E100E747AB /* BeautyAuthViewController.swift in Sources */ = {isa = PBXBuildFile; fileRef = 84F954D0218864E100E747AB /* BeautyAuthViewController.swift */; };
		84F954D4218864E100E747AB /* Main.storyboard in Resources */ = {isa = PBXBuildFile; fileRef = 84F954D2218864E100E747AB /* Main.storyboard */; };
		84F954D6218864E300E747AB /* Assets.xcassets in Resources */ = {isa = PBXBuildFile; fileRef = 84F954D5218864E300E747AB /* Assets.xcassets */; };
		84F954D9218864E300E747AB /* LaunchScreen.storyboard in Resources */ = {isa = PBXBuildFile; fileRef = 84F954D7218864E300E747AB /* LaunchScreen.storyboard */; };
/* End PBXBuildFile section */

/* Begin PBXFileReference section */
		84381E55218973A600D5BEA8 /* README.md */ = {isa = PBXFileReference; fileEncoding = 4; lastKnownFileType = net.daringfireball.markdown; path = README.md; sourceTree = "<group>"; };
		843915A1218AD3AC00496E9C /* addConstraintsWithFormat.swift */ = {isa = PBXFileReference; lastKnownFileType = sourcecode.swift; path = addConstraintsWithFormat.swift; sourceTree = "<group>"; };
		843915AC218AF5FB00496E9C /* ConfirmViewController.swift */ = {isa = PBXFileReference; lastKnownFileType = sourcecode.swift; path = ConfirmViewController.swift; sourceTree = "<group>"; };
		84570AB221886B8B00438A7E /* Animations.swift */ = {isa = PBXFileReference; lastKnownFileType = sourcecode.swift; path = Animations.swift; sourceTree = "<group>"; };
		8474856C2192A91400BE4CED /* LICENSE */ = {isa = PBXFileReference; fileEncoding = 4; lastKnownFileType = text; path = LICENSE; sourceTree = "<group>"; };
		84F7AE032189D80D00DF6EBA /* Documents */ = {isa = PBXFileReference; lastKnownFileType = folder; path = Documents; sourceTree = "<group>"; };
		84F7B565218B1BFE00DEB3E0 /* RestoreViewController.swift */ = {isa = PBXFileReference; lastKnownFileType = sourcecode.swift; path = RestoreViewController.swift; sourceTree = "<group>"; };
		84F954CB218864E100E747AB /* BeautyAuthView.app */ = {isa = PBXFileReference; explicitFileType = wrapper.application; includeInIndex = 0; path = BeautyAuthView.app; sourceTree = BUILT_PRODUCTS_DIR; };
		84F954CE218864E100E747AB /* AppDelegate.swift */ = {isa = PBXFileReference; lastKnownFileType = sourcecode.swift; path = AppDelegate.swift; sourceTree = "<group>"; };
		84F954D0218864E100E747AB /* BeautyAuthViewController.swift */ = {isa = PBXFileReference; lastKnownFileType = sourcecode.swift; path = BeautyAuthViewController.swift; sourceTree = "<group>"; };
		84F954D3218864E100E747AB /* Base */ = {isa = PBXFileReference; lastKnownFileType = file.storyboard; name = Base; path = Base.lproj/Main.storyboard; sourceTree = "<group>"; };
		84F954D5218864E300E747AB /* Assets.xcassets */ = {isa = PBXFileReference; lastKnownFileType = folder.assetcatalog; path = Assets.xcassets; sourceTree = "<group>"; };
		84F954D8218864E300E747AB /* Base */ = {isa = PBXFileReference; lastKnownFileType = file.storyboard; name = Base; path = Base.lproj/LaunchScreen.storyboard; sourceTree = "<group>"; };
		84F954DA218864E300E747AB /* Info.plist */ = {isa = PBXFileReference; lastKnownFileType = text.plist.xml; path = Info.plist; sourceTree = "<group>"; };
/* End PBXFileReference section */

/* Begin PBXFrameworksBuildPhase section */
		84F954C8218864E100E747AB /* Frameworks */ = {
			isa = PBXFrameworksBuildPhase;
			buildActionMask = 2147483647;
			files = (
			);
			runOnlyForDeploymentPostprocessing = 0;
		};
/* End PBXFrameworksBuildPhase section */

/* Begin PBXGroup section */
		8439159B218AC85F00496E9C /* Views */ = {
			isa = PBXGroup;
			children = (
				843915AB218AF5CB00496E9C /* Authentifacation */,
				8439159C218AC87000496E9C /* Help */,
			);
			path = Views;
			sourceTree = "<group>";
		};
		8439159C218AC87000496E9C /* Help */ = {
			isa = PBXGroup;
			children = (
				843915A3218AD3C400496E9C /* Extension */,
				84570AB221886B8B00438A7E /* Animations.swift */,
			);
			path = Help;
			sourceTree = "<group>";
		};
		843915A3218AD3C400496E9C /* Extension */ = {
			isa = PBXGroup;
			children = (
				843915A1218AD3AC00496E9C /* addConstraintsWithFormat.swift */,
			);
			path = Extension;
			sourceTree = "<group>";
		};
		843915AB218AF5CB00496E9C /* Authentifacation */ = {
			isa = PBXGroup;
			children = (
				84F954D0218864E100E747AB /* BeautyAuthViewController.swift */,
				843915AC218AF5FB00496E9C /* ConfirmViewController.swift */,
				84F7B565218B1BFE00DEB3E0 /* RestoreViewController.swift */,
			);
			path = Authentifacation;
			sourceTree = "<group>";
		};
		84F954C2218864E100E747AB = {
			isa = PBXGroup;
			children = (
				84F954CD218864E100E747AB /* BeautyAuthView */,
				84F954CC218864E100E747AB /* Products */,
				84F7AE032189D80D00DF6EBA /* Documents */,
				84381E55218973A600D5BEA8 /* README.md */,
				8474856C2192A91400BE4CED /* LICENSE */,
			);
			sourceTree = "<group>";
		};
		84F954CC218864E100E747AB /* Products */ = {
			isa = PBXGroup;
			children = (
				84F954CB218864E100E747AB /* BeautyAuthView.app */,
			);
			name = Products;
			sourceTree = "<group>";
		};
		84F954CD218864E100E747AB /* BeautyAuthView */ = {
			isa = PBXGroup;
			children = (
				8439159B218AC85F00496E9C /* Views */,
				84F954D2218864E100E747AB /* Main.storyboard */,
				84F954CE218864E100E747AB /* AppDelegate.swift */,
				84F954D5218864E300E747AB /* Assets.xcassets */,
				84F954D7218864E300E747AB /* LaunchScreen.storyboard */,
				84F954DA218864E300E747AB /* Info.plist */,
			);
			path = BeautyAuthView;
			sourceTree = "<group>";
		};
/* End PBXGroup section */

/* Begin PBXNativeTarget section */
		84F954CA218864E100E747AB /* BeautyAuthView */ = {
			isa = PBXNativeTarget;
			buildConfigurationList = 84F954DD218864E300E747AB /* Build configuration list for PBXNativeTarget "BeautyAuthView" */;
			buildPhases = (
				84F954C7218864E100E747AB /* Sources */,
				84F954C8218864E100E747AB /* Frameworks */,
				84F954C9218864E100E747AB /* Resources */,
			);
			buildRules = (
			);
			dependencies = (
			);
			name = BeautyAuthView;
			productName = BeautyAuthView;
			productReference = 84F954CB218864E100E747AB /* BeautyAuthView.app */;
			productType = "com.apple.product-type.application";
		};
/* End PBXNativeTarget section */

/* Begin PBXProject section */
		84F954C3218864E100E747AB /* Project object */ = {
			isa = PBXProject;
			attributes = {
				LastSwiftUpdateCheck = 1000;
				LastUpgradeCheck = 1000;
				ORGANIZATIONNAME = "Ivan Elioskin";
				TargetAttributes = {
					84F954CA218864E100E747AB = {
						CreatedOnToolsVersion = 10.0;
					};
				};
			};
			buildConfigurationList = 84F954C6218864E100E747AB /* Build configuration list for PBXProject "BeautyAuthView" */;
			compatibilityVersion = "Xcode 9.3";
			developmentRegion = en;
			hasScannedForEncodings = 0;
			knownRegions = (
				en,
				Base,
			);
			mainGroup = 84F954C2218864E100E747AB;
			productRefGroup = 84F954CC218864E100E747AB /* Products */;
			projectDirPath = "";
			projectRoot = "";
			targets = (
				84F954CA218864E100E747AB /* BeautyAuthView */,
			);
		};
/* End PBXProject section */

/* Begin PBXResourcesBuildPhase section */
		84F954C9218864E100E747AB /* Resources */ = {
			isa = PBXResourcesBuildPhase;
			buildActionMask = 2147483647;
			files = (
				8474856D2192A91400BE4CED /* LICENSE in Resources */,
				84F954D9218864E300E747AB /* LaunchScreen.storyboard in Resources */,
				84F954D6218864E300E747AB /* Assets.xcassets in Resources */,
				84381E56218973A600D5BEA8 /* README.md in Resources */,
				84F954D4218864E100E747AB /* Main.storyboard in Resources */,
				84F7AE042189D80D00DF6EBA /* Documents in Resources */,
			);
			runOnlyForDeploymentPostprocessing = 0;
		};
/* End PBXResourcesBuildPhase section */

/* Begin PBXSourcesBuildPhase section */
		84F954C7218864E100E747AB /* Sources */ = {
			isa = PBXSourcesBuildPhase;
			buildActionMask = 2147483647;
			files = (
				843915AD218AF5FB00496E9C /* ConfirmViewController.swift in Sources */,
				84F7B566218B1BFE00DEB3E0 /* RestoreViewController.swift in Sources */,
				843915A2218AD3AC00496E9C /* addConstraintsWithFormat.swift in Sources */,
				84F954D1218864E100E747AB /* BeautyAuthViewController.swift in Sources */,
				84F954CF218864E100E747AB /* AppDelegate.swift in Sources */,
				84570AB321886B8B00438A7E /* Animations.swift in Sources */,
			);
			runOnlyForDeploymentPostprocessing = 0;
		};
/* End PBXSourcesBuildPhase section */

/* Begin PBXVariantGroup section */
		84F954D2218864E100E747AB /* Main.storyboard */ = {
			isa = PBXVariantGroup;
			children = (
				84F954D3218864E100E747AB /* Base */,
			);
			name = Main.storyboard;
			sourceTree = "<group>";
		};
		84F954D7218864E300E747AB /* LaunchScreen.storyboard */ = {
			isa = PBXVariantGroup;
			children = (
				84F954D8218864E300E747AB /* Base */,
			);
			name = LaunchScreen.storyboard;
			sourceTree = "<group>";
		};
/* End PBXVariantGroup section */

/* Begin XCBuildConfiguration section */
		84F954DB218864E300E747AB /* Debug */ = {
			isa = XCBuildConfiguration;
			buildSettings = {
				ALWAYS_SEARCH_USER_PATHS = NO;
				CLANG_ANALYZER_NONNULL = YES;
				CLANG_ANALYZER_NUMBER_OBJECT_CONVERSION = YES_AGGRESSIVE;
				CLANG_CXX_LANGUAGE_STANDARD = "gnu++14";
				CLANG_CXX_LIBRARY = "libc++";
				CLANG_ENABLE_MODULES = YES;
				CLANG_ENABLE_OBJC_ARC = YES;
				CLANG_ENABLE_OBJC_WEAK = YES;
				CLANG_WARN_BLOCK_CAPTURE_AUTORELEASING = YES;
				CLANG_WARN_BOOL_CONVERSION = YES;
				CLANG_WARN_COMMA = YES;
				CLANG_WARN_CONSTANT_CONVERSION = YES;
				CLANG_WARN_DEPRECATED_OBJC_IMPLEMENTATIONS = YES;
				CLANG_WARN_DIRECT_OBJC_ISA_USAGE = YES_ERROR;
				CLANG_WARN_DOCUMENTATION_COMMENTS = YES;
				CLANG_WARN_EMPTY_BODY = YES;
				CLANG_WARN_ENUM_CONVERSION = YES;
				CLANG_WARN_INFINITE_RECURSION = YES;
				CLANG_WARN_INT_CONVERSION = YES;
				CLANG_WARN_NON_LITERAL_NULL_CONVERSION = YES;
				CLANG_WARN_OBJC_IMPLICIT_RETAIN_SELF = YES;
				CLANG_WARN_OBJC_LITERAL_CONVERSION = YES;
				CLANG_WARN_OBJC_ROOT_CLASS = YES_ERROR;
				CLANG_WARN_RANGE_LOOP_ANALYSIS = YES;
				CLANG_WARN_STRICT_PROTOTYPES = YES;
				CLANG_WARN_SUSPICIOUS_MOVE = YES;
				CLANG_WARN_UNGUARDED_AVAILABILITY = YES_AGGRESSIVE;
				CLANG_WARN_UNREACHABLE_CODE = YES;
				CLANG_WARN__DUPLICATE_METHOD_MATCH = YES;
				CODE_SIGN_IDENTITY = "iPhone Developer";
				COPY_PHASE_STRIP = NO;
				DEBUG_INFORMATION_FORMAT = dwarf;
				ENABLE_STRICT_OBJC_MSGSEND = YES;
				ENABLE_TESTABILITY = YES;
				GCC_C_LANGUAGE_STANDARD = gnu11;
				GCC_DYNAMIC_NO_PIC = NO;
				GCC_NO_COMMON_BLOCKS = YES;
				GCC_OPTIMIZATION_LEVEL = 0;
				GCC_PREPROCESSOR_DEFINITIONS = (
					"DEBUG=1",
					"$(inherited)",
				);
				GCC_WARN_64_TO_32_BIT_CONVERSION = YES;
				GCC_WARN_ABOUT_RETURN_TYPE = YES_ERROR;
				GCC_WARN_UNDECLARED_SELECTOR = YES;
				GCC_WARN_UNINITIALIZED_AUTOS = YES_AGGRESSIVE;
				GCC_WARN_UNUSED_FUNCTION = YES;
				GCC_WARN_UNUSED_VARIABLE = YES;
				IPHONEOS_DEPLOYMENT_TARGET = 12.0;
				MTL_ENABLE_DEBUG_INFO = INCLUDE_SOURCE;
				MTL_FAST_MATH = YES;
				ONLY_ACTIVE_ARCH = YES;
				SDKROOT = iphoneos;
				SWIFT_ACTIVE_COMPILATION_CONDITIONS = DEBUG;
				SWIFT_OPTIMIZATION_LEVEL = "-Onone";
			};
			name = Debug;
		};
		84F954DC218864E300E747AB /* Release */ = {
			isa = XCBuildConfiguration;
			buildSettings = {
				ALWAYS_SEARCH_USER_PATHS = NO;
				CLANG_ANALYZER_NONNULL = YES;
				CLANG_ANALYZER_NUMBER_OBJECT_CONVERSION = YES_AGGRESSIVE;
				CLANG_CXX_LANGUAGE_STANDARD = "gnu++14";
				CLANG_CXX_LIBRARY = "libc++";
				CLANG_ENABLE_MODULES = YES;
				CLANG_ENABLE_OBJC_ARC = YES;
				CLANG_ENABLE_OBJC_WEAK = YES;
				CLANG_WARN_BLOCK_CAPTURE_AUTORELEASING = YES;
				CLANG_WARN_BOOL_CONVERSION = YES;
				CLANG_WARN_COMMA = YES;
				CLANG_WARN_CONSTANT_CONVERSION = YES;
				CLANG_WARN_DEPRECATED_OBJC_IMPLEMENTATIONS = YES;
				CLANG_WARN_DIRECT_OBJC_ISA_USAGE = YES_ERROR;
				CLANG_WARN_DOCUMENTATION_COMMENTS = YES;
				CLANG_WARN_EMPTY_BODY = YES;
				CLANG_WARN_ENUM_CONVERSION = YES;
				CLANG_WARN_INFINITE_RECURSION = YES;
				CLANG_WARN_INT_CONVERSION = YES;
				CLANG_WARN_NON_LITERAL_NULL_CONVERSION = YES;
				CLANG_WARN_OBJC_IMPLICIT_RETAIN_SELF = YES;
				CLANG_WARN_OBJC_LITERAL_CONVERSION = YES;
				CLANG_WARN_OBJC_ROOT_CLASS = YES_ERROR;
				CLANG_WARN_RANGE_LOOP_ANALYSIS = YES;
				CLANG_WARN_STRICT_PROTOTYPES = YES;
				CLANG_WARN_SUSPICIOUS_MOVE = YES;
				CLANG_WARN_UNGUARDED_AVAILABILITY = YES_AGGRESSIVE;
				CLANG_WARN_UNREACHABLE_CODE = YES;
				CLANG_WARN__DUPLICATE_METHOD_MATCH = YES;
				CODE_SIGN_IDENTITY = "iPhone Developer";
				COPY_PHASE_STRIP = NO;
				DEBUG_INFORMATION_FORMAT = "dwarf-with-dsym";
				ENABLE_NS_ASSERTIONS = NO;
				ENABLE_STRICT_OBJC_MSGSEND = YES;
				GCC_C_LANGUAGE_STANDARD = gnu11;
				GCC_NO_COMMON_BLOCKS = YES;
				GCC_WARN_64_TO_32_BIT_CONVERSION = YES;
				GCC_WARN_ABOUT_RETURN_TYPE = YES_ERROR;
				GCC_WARN_UNDECLARED_SELECTOR = YES;
				GCC_WARN_UNINITIALIZED_AUTOS = YES_AGGRESSIVE;
				GCC_WARN_UNUSED_FUNCTION = YES;
				GCC_WARN_UNUSED_VARIABLE = YES;
				IPHONEOS_DEPLOYMENT_TARGET = 12.0;
				MTL_ENABLE_DEBUG_INFO = NO;
				MTL_FAST_MATH = YES;
				SDKROOT = iphoneos;
				SWIFT_COMPILATION_MODE = wholemodule;
				SWIFT_OPTIMIZATION_LEVEL = "-O";
				VALIDATE_PRODUCT = YES;
			};
			name = Release;
		};
		84F954DE218864E300E747AB /* Debug */ = {
			isa = XCBuildConfiguration;
			buildSettings = {
				ASSETCATALOG_COMPILER_APPICON_NAME = AppIcon;
				CODE_SIGN_STYLE = Automatic;
				DEVELOPMENT_TEAM = Y58337NXE2;
				INFOPLIST_FILE = BeautyAuthView/Info.plist;
				LD_RUNPATH_SEARCH_PATHS = (
					"$(inherited)",
					"@executable_path/Frameworks",
				);
				PRODUCT_BUNDLE_IDENTIFIER = IE.BeautyAuthView;
				PRODUCT_NAME = "$(TARGET_NAME)";
				SWIFT_VERSION = 4.2;
				TARGETED_DEVICE_FAMILY = "1,2";
			};
			name = Debug;
		};
		84F954DF218864E300E747AB /* Release */ = {
			isa = XCBuildConfiguration;
			buildSettings = {
				ASSETCATALOG_COMPILER_APPICON_NAME = AppIcon;
				CODE_SIGN_STYLE = Automatic;
				DEVELOPMENT_TEAM = Y58337NXE2;
				INFOPLIST_FILE = BeautyAuthView/Info.plist;
				LD_RUNPATH_SEARCH_PATHS = (
					"$(inherited)",
					"@executable_path/Frameworks",
				);
				PRODUCT_BUNDLE_IDENTIFIER = IE.BeautyAuthView;
				PRODUCT_NAME = "$(TARGET_NAME)";
				SWIFT_VERSION = 4.2;
				TARGETED_DEVICE_FAMILY = "1,2";
			};
			name = Release;
		};
/* End XCBuildConfiguration section */

/* Begin XCConfigurationList section */
		84F954C6218864E100E747AB /* Build configuration list for PBXProject "BeautyAuthView" */ = {
			isa = XCConfigurationList;
			buildConfigurations = (
				84F954DB218864E300E747AB /* Debug */,
				84F954DC218864E300E747AB /* Release */,
			);
			defaultConfigurationIsVisible = 0;
			defaultConfigurationName = Release;
		};
		84F954DD218864E300E747AB /* Build configuration list for PBXNativeTarget "BeautyAuthView" */ = {
			isa = XCConfigurationList;
			buildConfigurations = (
				84F954DE218864E300E747AB /* Debug */,
				84F954DF218864E300E747AB /* Release */,
			);
			defaultConfigurationIsVisible = 0;
			defaultConfigurationName = Release;
		};
/* End XCConfigurationList section */
	};
	rootObject = 84F954C3218864E100E747AB /* Project object */;
}
